{
    "_meta": {
        "hash": {
            "sha256": "553faabec3a8e16883d385bd6e7f57acb3437cf8ebb2d5601f77f3df98283155"
        },
        "pipfile-spec": 6,
        "requires": {
            "python_version": "3.6"
        },
        "sources": [
            {
                "name": "pypi",
                "url": "https://pypi.org/simple",
                "verify_ssl": true
            }
        ]
    },
    "default": {
        "unidecode": {
            "hashes": [
                "sha256:72f49d3729f3d8f5799f710b97c1451c5163102e76d64d20e170aedbbd923582",
                "sha256:8c33dd588e0c9bc22a76eaa0c715a5434851f726131bd44a6c26471746efabf5"
            ],
            "index": "pypi",
            "version": "==1.0.22"
        }
    },
    "develop": {}
}
